
Microsoft Visual Studio Solution File, Format Version 12.00
# Visual Studio 15
VisualStudioVersion = 15.0.28307.645
MinimumVisualStudioVersion = 10.0.40219.1
Project("{FAE04EC0-301F-11D3-BF4B-00C04F79EFBC}") = "Maria", "Maria\Maria.csproj", "{71763336-82DA-44E1-9E82-27A8FBC506EF}"
EndProject
Global
	GlobalSection(SolutionConfigurationPlatforms) = preSolution
		Debug|Any CPU = Debug|Any CPU
		Release|Any CPU = Release|Any CPU
	EndGlobalSection
	GlobalSection(ProjectConfigurationPlatforms) = postSolution
		{71763336-82DA-44E1-9E82-27A8FBC506EF}.Debug|Any CPU.ActiveCfg = Debug|Any CPU
		{71763336-82DA-44E1-9E82-27A8FBC506EF}.Debug|Any CPU.Build.0 = Debug|Any CPU
		{71763336-82DA-44E1-9E82-27A8FBC506EF}.Release|Any CPU.ActiveCfg = Release|Any CPU
		{71763336-82DA-44E1-9E82-27A8FBC506EF}.Release|Any CPU.Build.0 = Release|Any CPU
	EndGlobalSection
	GlobalSection(SolutionProperties) = preSolution
		HideSolutionNode = FALSE
	EndGlobalSection
	GlobalSection(ExtensibilityGlobals) = postSolution
		SolutionGuid = {C7B9F00E-9BCC-41DE-9BD9-A090D3C1B755}
	EndGlobalSection
EndGlobal
